# Generated by scripts/sync.sh
# id<TAB>sha256<TAB>upstream_url
weibo	d23d941db5f435e41bee3c2ab754184e880232beb7066c90d840d95768c5afb9	https://yfamilys.com/module/weiboad.module
wechat-article	81ed93c45a1a79c5d77dbb22642673096b2b6670eebed4fc228a38d2ac028141	https://yfamilys.com/module/wechatad.module
wechat-applet	5e6f36260e314a37548e40b008f2c6c11edd5d8a679f1f2dcd9e764dfa6b49de	https://raw.githubusercontent.com/QingRex/LoonKissSurge/main/Surge/微信小程序去广告.sgmodule
bilibili	af7ee5612cd71318d81bbcda51eafc53e62a2a19f5d438fced97a7ac96689434	https://raw.githubusercontent.com/app2smile/rules/master/module/bilibili.sgmodule
bilibili-hd	8889eabaccc5a4034c7042650936c48ac3dc4ed8dc150a32e771673d32c43b21	https://yfamilys.com/module/bili.module
youtube	9c7464733c54417da36aff09482d1287cee5ecd531ad856842912704b5b3f64d	https://raw.githubusercontent.com/Maasea/sgmodule/master/YouTube.Enhance.sgmodule
zhihu	1c4c09bf65e75981971e93f7976b233a42f6bbaa2a9221fcac35256e98b5a2c5	https://yfamilys.com/sgmodule/ZhihuBlock.sgmodule
xiaohongshu	c721c55908eea28a6c55b40ce649ad7980dbdc5332c4fe54e6173809811f38dc	https://raw.githubusercontent.com/QingRex/LoonKissSurge/main/Surge/小红书去广告.sgmodule
railway-12306	fac657caed4fc812eaa363bb9d57b3b57ebc115c6106c46af23c5ea0c80dc299	https://raw.githubusercontent.com/QingRex/LoonKissSurge/main/Surge/12306去广告.sgmodule
didi	a0d74f67b419a5ebcdee85780639a00fa71d3a4cc105bd8f5718ed2fb5748fa9	https://raw.githubusercontent.com/QingRex/LoonKissSurge/main/Surge/滴滴出行去广告.sgmodule
amap	88c8c5a57153c793ecb2a41f2f98e5687043f726afa45c6ac92890cfe38fc6cf	https://raw.githubusercontent.com/QingRex/LoonKissSurge/main/Surge/高德地图去广告.sgmodule
xianyu	9eb323411f5989dfd399d9e05e7fe1aed721a49cb6fcfd5d408349c5508c83bc	https://raw.githubusercontent.com/QingRex/LoonKissSurge/main/Surge/闲鱼去广告.sgmodule
cainiao	4eca727669bbe7c1246cb1f53cb3b720033aeaf26345a999e9538b7f5b15902b	https://raw.githubusercontent.com/QingRex/LoonKissSurge/main/Surge/菜鸟去广告.sgmodule
smzdm	ab005cda34de60a15bd66435979649c0de880d9e2fe9b46fb4afac422d3e3deb	https://raw.githubusercontent.com/QingRex/LoonKissSurge/main/Surge/什么值得买去广告.sgmodule
jd	8ce577fd1d91ba5971607748b2354310dc20df3c554a881a3d29e56c4c02ce37	https://raw.githubusercontent.com/QingRex/LoonKissSurge/main/Surge/京东去广告.sgmodule
taobao	60f0d96e614961c994c0915c13624484bdbb342fb22bdea46c0e5c48e1185c6e	https://raw.githubusercontent.com/QingRex/LoonKissSurge/main/Surge/淘宝去广告.sgmodule
dewu	d7c12aca3b36accf71df0f76401df20af5f214ea382184a8ff6e187054dc6f40	https://raw.githubusercontent.com/QingRex/LoonKissSurge/main/Surge/得物去广告.sgmodule
shihuo	00456018c1448d9d4ee7b939ec45b49d722b6f3fa998529774c882478d8bbfb1	https://raw.githubusercontent.com/fmz200/wool_scripts/main/Surge/module/split/partS/ShiHuo.sgmodule
dianping	c2e74e7c7c973ffa551628b337c288dfe9f0412ea9dc9ae1504ac525ec3cc9cd	https://raw.githubusercontent.com/fmz200/wool_scripts/main/Surge/module/split/partD/DianPing.sgmodule
zhixing	fc2fb51c31f155ff2e961d31d0b330c772c59c0cf240e45663d8471004a02ffc	https://raw.githubusercontent.com/fmz200/wool_scripts/main/Surge/module/split/partZ/ZhiXingAPP.sgmodule
umetrip	a121a3547e71aebe1090da146173b8fb45ef530fc863b44d0b05e47e10db6b9d	https://raw.githubusercontent.com/QingRex/LoonKissSurge/main/Surge/航旅纵横去广告.sgmodule
meituan	3cea369e9ff0f5593344ecffdc67f0516964ba3a0d98863c2425aa8fb5685549	https://raw.githubusercontent.com/fmz200/wool_scripts/main/Surge/module/split/partM/Meituan.sgmodule
mijia	a84c5036b1089007377ceed27b4a95a9d24e486bffa423f3312acc71c9b1ee5f	https://raw.githubusercontent.com/fmz200/wool_scripts/main/Surge/module/split/partM/Mijia.sgmodule
vvebo	d26badba0acf7ac072dea30895f0b1195d67525cfe16c1889936afab9ce2a60e	https://raw.githubusercontent.com/QingRex/LoonKissSurge/main/Surge/VVebo时间线修复.sgmodule
startup-supplement	0ed4da35e625520612d91f6324b30e09105876a54584885ba1fe1909b25c1698	https://yfamilys.com/module/AdBlock.module
